
Microsoft Visual Studio Solution File, Format Version 12.00
# Visual Studio Version 16
VisualStudioVersion = 16.0.30907.101
MinimumVisualStudioVersion = 10.0.40219.1
Project("{FAE04EC0-301F-11D3-BF4B-00C04F79EFBC}") = "MessageAppServer", "MessageAppServer\MessageAppServer.csproj", "{46F8CBDB-03EF-4549-AEF6-14CD386F8BF0}"
EndProject
Global
	GlobalSection(SolutionConfigurationPlatforms) = preSolution
		Debug|Any CPU = Debug|Any CPU
		Release|Any CPU = Release|Any CPU
	EndGlobalSection
	GlobalSection(ProjectConfigurationPlatforms) = postSolution
		{46F8CBDB-03EF-4549-AEF6-14CD386F8BF0}.Debug|Any CPU.ActiveCfg = Debug|Any CPU
		{46F8CBDB-03EF-4549-AEF6-14CD386F8BF0}.Debug|Any CPU.Build.0 = Debug|Any CPU
		{46F8CBDB-03EF-4549-AEF6-14CD386F8BF0}.Release|Any CPU.ActiveCfg = Release|Any CPU
		{46F8CBDB-03EF-4549-AEF6-14CD386F8BF0}.Release|Any CPU.Build.0 = Release|Any CPU
	EndGlobalSection
	GlobalSection(SolutionProperties) = preSolution
		HideSolutionNode = FALSE
	EndGlobalSection
	GlobalSection(ExtensibilityGlobals) = postSolution
		SolutionGuid = {193D77B7-89E6-465E-BD9A-C383DDE01060}
	EndGlobalSection
EndGlobal
